github.com/boomlinde/dpi v0.0.0-20200625211742-76c01cb95631 h1:VEncf21XDOW7DfF/l5VPH90/HuMrtGEH4t7fh8PBSPI=
github.com/boomlinde/dpi v0.0.0-20200625211742-76c01cb95631/go.mod h1:7iv0tYTdDAyo/pvD8A233qLNWpAQPRaSEk+RaX+Byg4=
github.com/boomlinde/dpi v0.0.0-20200629211109-6168240685c2 h1:MiZaaW7sC9MEse0IWivGFeYV044WQo+E//H9ulnAeQQ=
github.com/boomlinde/dpi v0.0.0-20200629211109-6168240685c2/go.mod h1:7iv0tYTdDAyo/pvD8A233qLNWpAQPRaSEk+RaX+Byg4=
github.com/boomlinde/gemini v0.0.0-20200625165527-0bdc4bb57cf3 h1:GtewP61h6iZSG9CNljYLF1lA9U5oy89m2lbrJH3fqY0=
github.com/boomlinde/gemini v0.0.0-20200625165527-0bdc4bb57cf3/go.mod h1:XrpFqoKx1OuTVGgBlDZz5oZYjfw+ZP/w4om89biCUIo=
github.com/boomlinde/gemini v0.0.0-20200625222720-d1ccb19fab44 h1:/WPkz+URlizCagtyZ1+WfWr7XRNR90DoXLqPPrZdOqM=
github.com/boomlinde/gemini v0.0.0-20200625222720-d1ccb19fab44/go.mod h1:XrpFqoKx1OuTVGgBlDZz5oZYjfw+ZP/w4om89biCUIo=
github.com/boomlinde/gemini v0.0.0-20200626172715-e5511d0fd247 h1:hcXrDjGq9EzXrDkbLLd4jyMQLHxuje4KgB96elsuxE8=
github.com/boomlinde/gemini v0.0.0-20200626172715-e5511d0fd247/go.mod h1:XrpFqoKx1OuTVGgBlDZz5oZYjfw+ZP/w4om89biCUIo=
github.com/boomlinde/gemini v0.0.0-20200626181833-d60faa75af25 h1:JtfHOH7lZImFv72YiK7LLrtX9G4qAL6E+fznC6uuEro=
github.com/boomlinde/gemini v0.0.0-20200626181833-d60faa75af25/go.mod h1:XrpFqoKx1OuTVGgBlDZz5oZYjfw+ZP/w4om89biCUIo=
github.com/boomlinde/gemini v0.0.0-20200626182537-272cce4ff787 h1:CD9FhmzlRtagB+yGvDPe6wiTkcOaTwd+yJOdsxig4D4=
github.com/boomlinde/gemini v0.0.0-20200626182537-272cce4ff787/go.mod h1:XrpFqoKx1OuTVGgBlDZz5oZYjfw+ZP/w4om89biCUIo=
github.com/boomlinde/gemini v0.0.0-20200626183044-081d7314030f h1:6iEyfarh9V5WTPJjfnJA1NarM3Me3bXiEa2L2U5qCZc=
github.com/boomlinde/gemini v0.0.0-20200626183044-081d7314030f/go.mod h1:XrpFqoKx1OuTVGgBlDZz5oZYjfw+ZP/w4om89biCUIo=
github.com/boomlinde/gemini v0.0.0-20200626194529-097cdade4aa9 h1:yuWO0ydElcMeUSURlhfbOky6pWFs17bq2xCgIIZlsaM=
github.com/boomlinde/gemini v0.0.0-20200626194529-097cdade4aa9/go.mod h1:XrpFqoKx1OuTVGgBlDZz5oZYjfw+ZP/w4om89biCUIo=
github.com/boomlinde/gemini v0.0.0-20200813173004-b55971d63e07 h1:R6ubkN0mqbb49l6vMXVQOKZP126v9c+QqXk5xGvZ4Ec=
github.com/boomlinde/gemini v0.0.0-20200813173004-b55971d63e07/go.mod h1:XrpFqoKx1OuTVGgBlDZz5oZYjfw+ZP/w4om89biCUIo=
